
Microsoft Visual Studio Solution File, Format Version 12.00
# Visual Studio 15
VisualStudioVersion = 15.0.26730.16
MinimumVisualStudioVersion = 10.0.40219.1
Project("{8BC9CEB8-8B4A-11D0-8D11-00A0C91BC942}") = "1_foundation", "1_foundation\1_foundation.vcxproj", "{41EB29F7-66A7-4C80-A130-6F940D96FF2E}"
EndProject
Project("{8BC9CEB8-8B4A-11D0-8D11-00A0C91BC942}") = "2_List", "2_List\2_List.vcxproj", "{3DE7BA01-D8A2-46E5-9AF5-A6CFD67AF0D2}"
EndProject
Project("{8BC9CEB8-8B4A-11D0-8D11-00A0C91BC942}") = "3_List2", "3_List2\3_List2.vcxproj", "{1F1057F2-E603-4FEA-8EB6-FE0C64FD0988}"
EndProject
Project("{8BC9CEB8-8B4A-11D0-8D11-00A0C91BC942}") = "4_List3", "4_List3\4_List3.vcxproj", "{40FAB525-96E6-4B0E-A6CC-97DCE19AE119}"
EndProject
Project("{8BC9CEB8-8B4A-11D0-8D11-00A0C91BC942}") = "5_List4", "5_List4\5_List4.vcxproj", "{ED724D99-85AF-4700-A0D6-640120738BA3}"
EndProject
Project("{8BC9CEB8-8B4A-11D0-8D11-00A0C91BC942}") = "6_Stack", "6_Stack\6_Stack.vcxproj", "{D5768CD6-B36A-4E6D-9474-58551D675001}"
EndProject
Project("{8BC9CEB8-8B4A-11D0-8D11-00A0C91BC942}") = "7_Stack2", "7_Stack2\7_Stack2.vcxproj", "{6432821F-829A-439D-AC98-DB422509BB22}"
EndProject
Project("{8BC9CEB8-8B4A-11D0-8D11-00A0C91BC942}") = "8_Stack3", "8_Stack3\8_Stack3.vcxproj", "{BB33AFA7-B179-43F3-8D28-FEC8C6B00AC1}"
EndProject
Project("{8BC9CEB8-8B4A-11D0-8D11-00A0C91BC942}") = "9_Stack4", "9_Stack4\9_Stack4.vcxproj", "{169293CF-AA56-4020-B3CC-3C1A47B0A404}"
EndProject
Project("{8BC9CEB8-8B4A-11D0-8D11-00A0C91BC942}") = "10_Stack5", "10_Stack5\10_Stack5.vcxproj", "{858473CD-4019-4CDF-8366-A796A76B842C}"
EndProject
Project("{8BC9CEB8-8B4A-11D0-8D11-00A0C91BC942}") = "11_Queue", "11_Queue\11_Queue.vcxproj", "{3821E598-D9A2-4ACD-B3FD-83CA9DCCE2FD}"
EndProject
Project("{8BC9CEB8-8B4A-11D0-8D11-00A0C91BC942}") = "12_Queue2", "12_Queue2\12_Queue2.vcxproj", "{937E5EE3-560E-4DCE-9AE9-2272E3DAB2B3}"
EndProject
Project("{8BC9CEB8-8B4A-11D0-8D11-00A0C91BC942}") = "13_Queue3", "13_Queue3\13_Queue3.vcxproj", "{DB3D2B5C-3368-4E5A-A71B-45CFF8618E9A}"
EndProject
Project("{8BC9CEB8-8B4A-11D0-8D11-00A0C91BC942}") = "14_Tree", "14_Tree\14_Tree.vcxproj", "{45E2AC8B-B36B-4633-B2CD-25EEB0C2B90F}"
EndProject
Project("{8BC9CEB8-8B4A-11D0-8D11-00A0C91BC942}") = "15_PriorityQandHeap", "15_PriorityQandHeap\15_PriorityQandHeap.vcxproj", "{2CFD0262-74B4-43E0-88A2-168293D6702A}"
EndProject
Project("{8BC9CEB8-8B4A-11D0-8D11-00A0C91BC942}") = "16_PriorityQandHeap2", "16_PriorityQandHeap2\16_PriorityQandHeap2.vcxproj", "{05A87008-535C-481C-81DE-AEF426076596}"
EndProject
Project("{8BC9CEB8-8B4A-11D0-8D11-00A0C91BC942}") = "17_Sorting", "17_Sorting\17_Sorting.vcxproj", "{C71AD3B7-6315-4A74-9DE6-CD9921A65E6D}"
EndProject
Project("{8BC9CEB8-8B4A-11D0-8D11-00A0C91BC942}") = "18_Search1", "18_Search1\18_Search1.vcxproj", "{E344DA63-1B1C-4586-A762-10E0AD1ADEA6}"
EndProject
Project("{8BC9CEB8-8B4A-11D0-8D11-00A0C91BC942}") = "19_Search2", "19_Search2\19_Search2.vcxproj", "{7B50B7C0-CBCC-4CC4-B117-D2203479E18B}"
EndProject
Project("{8BC9CEB8-8B4A-11D0-8D11-00A0C91BC942}") = "20_HashTable", "20_HashTable\20_HashTable.vcxproj", "{B7B5054B-260E-4C9C-8DE4-268E28B511E0}"
EndProject
Project("{8BC9CEB8-8B4A-11D0-8D11-00A0C91BC942}") = "21_HashTable2", "21_HashTable2\21_HashTable2.vcxproj", "{ABE2576D-AD13-4EE1-91BF-01BD4D555E8D}"
EndProject
Project("{8BC9CEB8-8B4A-11D0-8D11-00A0C91BC942}") = "22_Graph", "22_Graph\22_Graph.vcxproj", "{FE51D2D1-D799-4DDD-835C-82EA94DEF2DB}"
EndProject
Project("{8BC9CEB8-8B4A-11D0-8D11-00A0C91BC942}") = "23_Graph2", "23_Graph2\23_Graph2.vcxproj", "{4F8C11A0-14F6-468D-8A7C-11D0F0614AEB}"
EndProject
Project("{8BC9CEB8-8B4A-11D0-8D11-00A0C91BC942}") = "24_Graph3", "24_Graph3\24_Graph3.vcxproj", "{F5FD6895-3687-4D36-A596-DBE066D55BDB}"
EndProject
Global
	GlobalSection(SolutionConfigurationPlatforms) = preSolution
		Debug|x64 = Debug|x64
		Debug|x86 = Debug|x86
		Release|x64 = Release|x64
		Release|x86 = Release|x86
	EndGlobalSection
	GlobalSection(ProjectConfigurationPlatforms) = postSolution
		{41EB29F7-66A7-4C80-A130-6F940D96FF2E}.Debug|x64.ActiveCfg = Debug|x64
		{41EB29F7-66A7-4C80-A130-6F940D96FF2E}.Debug|x64.Build.0 = Debug|x64
		{41EB29F7-66A7-4C80-A130-6F940D96FF2E}.Debug|x86.ActiveCfg = Debug|Win32
		{41EB29F7-66A7-4C80-A130-6F940D96FF2E}.Debug|x86.Build.0 = Debug|Win32
		{41EB29F7-66A7-4C80-A130-6F940D96FF2E}.Release|x64.ActiveCfg = Release|x64
		{41EB29F7-66A7-4C80-A130-6F940D96FF2E}.Release|x64.Build.0 = Release|x64
		{41EB29F7-66A7-4C80-A130-6F940D96FF2E}.Release|x86.ActiveCfg = Release|Win32
		{41EB29F7-66A7-4C80-A130-6F940D96FF2E}.Release|x86.Build.0 = Release|Win32
		{3DE7BA01-D8A2-46E5-9AF5-A6CFD67AF0D2}.Debug|x64.ActiveCfg = Debug|x64
		{3DE7BA01-D8A2-46E5-9AF5-A6CFD67AF0D2}.Debug|x64.Build.0 = Debug|x64
		{3DE7BA01-D8A2-46E5-9AF5-A6CFD67AF0D2}.Debug|x86.ActiveCfg = Debug|Win32
		{3DE7BA01-D8A2-46E5-9AF5-A6CFD67AF0D2}.Debug|x86.Build.0 = Debug|Win32
		{3DE7BA01-D8A2-46E5-9AF5-A6CFD67AF0D2}.Release|x64.ActiveCfg = Release|x64
		{3DE7BA01-D8A2-46E5-9AF5-A6CFD67AF0D2}.Release|x64.Build.0 = Release|x64
		{3DE7BA01-D8A2-46E5-9AF5-A6CFD67AF0D2}.Release|x86.ActiveCfg = Release|Win32
		{3DE7BA01-D8A2-46E5-9AF5-A6CFD67AF0D2}.Release|x86.Build.0 = Release|Win32
		{1F1057F2-E603-4FEA-8EB6-FE0C64FD0988}.Debug|x64.ActiveCfg = Debug|x64
		{1F1057F2-E603-4FEA-8EB6-FE0C64FD0988}.Debug|x64.Build.0 = Debug|x64
		{1F1057F2-E603-4FEA-8EB6-FE0C64FD0988}.Debug|x86.ActiveCfg = Debug|Win32
		{1F1057F2-E603-4FEA-8EB6-FE0C64FD0988}.Debug|x86.Build.0 = Debug|Win32
		{1F1057F2-E603-4FEA-8EB6-FE0C64FD0988}.Release|x64.ActiveCfg = Release|x64
		{1F1057F2-E603-4FEA-8EB6-FE0C64FD0988}.Release|x64.Build.0 = Release|x64
		{1F1057F2-E603-4FEA-8EB6-FE0C64FD0988}.Release|x86.ActiveCfg = Release|Win32
		{1F1057F2-E603-4FEA-8EB6-FE0C64FD0988}.Release|x86.Build.0 = Release|Win32
		{40FAB525-96E6-4B0E-A6CC-97DCE19AE119}.Debug|x64.ActiveCfg = Debug|x64
		{40FAB525-96E6-4B0E-A6CC-97DCE19AE119}.Debug|x64.Build.0 = Debug|x64
		{40FAB525-96E6-4B0E-A6CC-97DCE19AE119}.Debug|x86.ActiveCfg = Debug|Win32
		{40FAB525-96E6-4B0E-A6CC-97DCE19AE119}.Debug|x86.Build.0 = Debug|Win32
		{40FAB525-96E6-4B0E-A6CC-97DCE19AE119}.Release|x64.ActiveCfg = Release|x64
		{40FAB525-96E6-4B0E-A6CC-97DCE19AE119}.Release|x64.Build.0 = Release|x64
		{40FAB525-96E6-4B0E-A6CC-97DCE19AE119}.Release|x86.ActiveCfg = Release|Win32
		{40FAB525-96E6-4B0E-A6CC-97DCE19AE119}.Release|x86.Build.0 = Release|Win32
		{ED724D99-85AF-4700-A0D6-640120738BA3}.Debug|x64.ActiveCfg = Debug|x64
		{ED724D99-85AF-4700-A0D6-640120738BA3}.Debug|x64.Build.0 = Debug|x64
		{ED724D99-85AF-4700-A0D6-640120738BA3}.Debug|x86.ActiveCfg = Debug|Win32
		{ED724D99-85AF-4700-A0D6-640120738BA3}.Debug|x86.Build.0 = Debug|Win32
		{ED724D99-85AF-4700-A0D6-640120738BA3}.Release|x64.ActiveCfg = Release|x64
		{ED724D99-85AF-4700-A0D6-640120738BA3}.Release|x64.Build.0 = Release|x64
		{ED724D99-85AF-4700-A0D6-640120738BA3}.Release|x86.ActiveCfg = Release|Win32
		{ED724D99-85AF-4700-A0D6-640120738BA3}.Release|x86.Build.0 = Release|Win32
		{D5768CD6-B36A-4E6D-9474-58551D675001}.Debug|x64.ActiveCfg = Debug|x64
		{D5768CD6-B36A-4E6D-9474-58551D675001}.Debug|x64.Build.0 = Debug|x64
		{D5768CD6-B36A-4E6D-9474-58551D675001}.Debug|x86.ActiveCfg = Debug|Win32
		{D5768CD6-B36A-4E6D-9474-58551D675001}.Debug|x86.Build.0 = Debug|Win32
		{D5768CD6-B36A-4E6D-9474-58551D675001}.Release|x64.ActiveCfg = Release|x64
		{D5768CD6-B36A-4E6D-9474-58551D675001}.Release|x64.Build.0 = Release|x64
		{D5768CD6-B36A-4E6D-9474-58551D675001}.Release|x86.ActiveCfg = Release|Win32
		{D5768CD6-B36A-4E6D-9474-58551D675001}.Release|x86.Build.0 = Release|Win32
		{6432821F-829A-439D-AC98-DB422509BB22}.Debug|x64.ActiveCfg = Debug|x64
		{6432821F-829A-439D-AC98-DB422509BB22}.Debug|x64.Build.0 = Debug|x64
		{6432821F-829A-439D-AC98-DB422509BB22}.Debug|x86.ActiveCfg = Debug|Win32
		{6432821F-829A-439D-AC98-DB422509BB22}.Debug|x86.Build.0 = Debug|Win32
		{6432821F-829A-439D-AC98-DB422509BB22}.Release|x64.ActiveCfg = Release|x64
		{6432821F-829A-439D-AC98-DB422509BB22}.Release|x64.Build.0 = Release|x64
		{6432821F-829A-439D-AC98-DB422509BB22}.Release|x86.ActiveCfg = Release|Win32
		{6432821F-829A-439D-AC98-DB422509BB22}.Release|x86.Build.0 = Release|Win32
		{BB33AFA7-B179-43F3-8D28-FEC8C6B00AC1}.Debug|x64.ActiveCfg = Debug|x64
		{BB33AFA7-B179-43F3-8D28-FEC8C6B00AC1}.Debug|x64.Build.0 = Debug|x64
		{BB33AFA7-B179-43F3-8D28-FEC8C6B00AC1}.Debug|x86.ActiveCfg = Debug|Win32
		{BB33AFA7-B179-43F3-8D28-FEC8C6B00AC1}.Debug|x86.Build.0 = Debug|Win32
		{BB33AFA7-B179-43F3-8D28-FEC8C6B00AC1}.Release|x64.ActiveCfg = Release|x64
		{BB33AFA7-B179-43F3-8D28-FEC8C6B00AC1}.Release|x64.Build.0 = Release|x64
		{BB33AFA7-B179-43F3-8D28-FEC8C6B00AC1}.Release|x86.ActiveCfg = Release|Win32
		{BB33AFA7-B179-43F3-8D28-FEC8C6B00AC1}.Release|x86.Build.0 = Release|Win32
		{169293CF-AA56-4020-B3CC-3C1A47B0A404}.Debug|x64.ActiveCfg = Debug|x64
		{169293CF-AA56-4020-B3CC-3C1A47B0A404}.Debug|x64.Build.0 = Debug|x64
		{169293CF-AA56-4020-B3CC-3C1A47B0A404}.Debug|x86.ActiveCfg = Debug|Win32
		{169293CF-AA56-4020-B3CC-3C1A47B0A404}.Debug|x86.Build.0 = Debug|Win32
		{169293CF-AA56-4020-B3CC-3C1A47B0A404}.Release|x64.ActiveCfg = Release|x64
		{169293CF-AA56-4020-B3CC-3C1A47B0A404}.Release|x64.Build.0 = Release|x64
		{169293CF-AA56-4020-B3CC-3C1A47B0A404}.Release|x86.ActiveCfg = Release|Win32
		{169293CF-AA56-4020-B3CC-3C1A47B0A404}.Release|x86.Build.0 = Release|Win32
		{858473CD-4019-4CDF-8366-A796A76B842C}.Debug|x64.ActiveCfg = Debug|x64
		{858473CD-4019-4CDF-8366-A796A76B842C}.Debug|x64.Build.0 = Debug|x64
		{858473CD-4019-4CDF-8366-A796A76B842C}.Debug|x86.ActiveCfg = Debug|Win32
		{858473CD-4019-4CDF-8366-A796A76B842C}.Debug|x86.Build.0 = Debug|Win32
		{858473CD-4019-4CDF-8366-A796A76B842C}.Release|x64.ActiveCfg = Release|x64
		{858473CD-4019-4CDF-8366-A796A76B842C}.Release|x64.Build.0 = Release|x64
		{858473CD-4019-4CDF-8366-A796A76B842C}.Release|x86.ActiveCfg = Release|Win32
		{858473CD-4019-4CDF-8366-A796A76B842C}.Release|x86.Build.0 = Release|Win32
		{3821E598-D9A2-4ACD-B3FD-83CA9DCCE2FD}.Debug|x64.ActiveCfg = Debug|x64
		{3821E598-D9A2-4ACD-B3FD-83CA9DCCE2FD}.Debug|x64.Build.0 = Debug|x64
		{3821E598-D9A2-4ACD-B3FD-83CA9DCCE2FD}.Debug|x86.ActiveCfg = Debug|Win32
		{3821E598-D9A2-4ACD-B3FD-83CA9DCCE2FD}.Debug|x86.Build.0 = Debug|Win32
		{3821E598-D9A2-4ACD-B3FD-83CA9DCCE2FD}.Release|x64.ActiveCfg = Release|x64
		{3821E598-D9A2-4ACD-B3FD-83CA9DCCE2FD}.Release|x64.Build.0 = Release|x64
		{3821E598-D9A2-4ACD-B3FD-83CA9DCCE2FD}.Release|x86.ActiveCfg = Release|Win32
		{3821E598-D9A2-4ACD-B3FD-83CA9DCCE2FD}.Release|x86.Build.0 = Release|Win32
		{937E5EE3-560E-4DCE-9AE9-2272E3DAB2B3}.Debug|x64.ActiveCfg = Debug|x64
		{937E5EE3-560E-4DCE-9AE9-2272E3DAB2B3}.Debug|x64.Build.0 = Debug|x64
		{937E5EE3-560E-4DCE-9AE9-2272E3DAB2B3}.Debug|x86.ActiveCfg = Debug|Win32
		{937E5EE3-560E-4DCE-9AE9-2272E3DAB2B3}.Debug|x86.Build.0 = Debug|Win32
		{937E5EE3-560E-4DCE-9AE9-2272E3DAB2B3}.Release|x64.ActiveCfg = Release|x64
		{937E5EE3-560E-4DCE-9AE9-2272E3DAB2B3}.Release|x64.Build.0 = Release|x64
		{937E5EE3-560E-4DCE-9AE9-2272E3DAB2B3}.Release|x86.ActiveCfg = Release|Win32
		{937E5EE3-560E-4DCE-9AE9-2272E3DAB2B3}.Release|x86.Build.0 = Release|Win32
		{DB3D2B5C-3368-4E5A-A71B-45CFF8618E9A}.Debug|x64.ActiveCfg = Debug|x64
		{DB3D2B5C-3368-4E5A-A71B-45CFF8618E9A}.Debug|x64.Build.0 = Debug|x64
		{DB3D2B5C-3368-4E5A-A71B-45CFF8618E9A}.Debug|x86.ActiveCfg = Debug|Win32
		{DB3D2B5C-3368-4E5A-A71B-45CFF8618E9A}.Debug|x86.Build.0 = Debug|Win32
		{DB3D2B5C-3368-4E5A-A71B-45CFF8618E9A}.Release|x64.ActiveCfg = Release|x64
		{DB3D2B5C-3368-4E5A-A71B-45CFF8618E9A}.Release|x64.Build.0 = Release|x64
		{DB3D2B5C-3368-4E5A-A71B-45CFF8618E9A}.Release|x86.ActiveCfg = Release|Win32
		{DB3D2B5C-3368-4E5A-A71B-45CFF8618E9A}.Release|x86.Build.0 = Release|Win32
		{45E2AC8B-B36B-4633-B2CD-25EEB0C2B90F}.Debug|x64.ActiveCfg = Debug|x64
		{45E2AC8B-B36B-4633-B2CD-25EEB0C2B90F}.Debug|x64.Build.0 = Debug|x64
		{45E2AC8B-B36B-4633-B2CD-25EEB0C2B90F}.Debug|x86.ActiveCfg = Debug|Win32
		{45E2AC8B-B36B-4633-B2CD-25EEB0C2B90F}.Debug|x86.Build.0 = Debug|Win32
		{45E2AC8B-B36B-4633-B2CD-25EEB0C2B90F}.Release|x64.ActiveCfg = Release|x64
		{45E2AC8B-B36B-4633-B2CD-25EEB0C2B90F}.Release|x64.Build.0 = Release|x64
		{45E2AC8B-B36B-4633-B2CD-25EEB0C2B90F}.Release|x86.ActiveCfg = Release|Win32
		{45E2AC8B-B36B-4633-B2CD-25EEB0C2B90F}.Release|x86.Build.0 = Release|Win32
		{2CFD0262-74B4-43E0-88A2-168293D6702A}.Debug|x64.ActiveCfg = Debug|x64
		{2CFD0262-74B4-43E0-88A2-168293D6702A}.Debug|x64.Build.0 = Debug|x64
		{2CFD0262-74B4-43E0-88A2-168293D6702A}.Debug|x86.ActiveCfg = Debug|Win32
		{2CFD0262-74B4-43E0-88A2-168293D6702A}.Debug|x86.Build.0 = Debug|Win32
		{2CFD0262-74B4-43E0-88A2-168293D6702A}.Release|x64.ActiveCfg = Release|x64
		{2CFD0262-74B4-43E0-88A2-168293D6702A}.Release|x64.Build.0 = Release|x64
		{2CFD0262-74B4-43E0-88A2-168293D6702A}.Release|x86.ActiveCfg = Release|Win32
		{2CFD0262-74B4-43E0-88A2-168293D6702A}.Release|x86.Build.0 = Release|Win32
		{05A87008-535C-481C-81DE-AEF426076596}.Debug|x64.ActiveCfg = Debug|x64
		{05A87008-535C-481C-81DE-AEF426076596}.Debug|x64.Build.0 = Debug|x64
		{05A87008-535C-481C-81DE-AEF426076596}.Debug|x86.ActiveCfg = Debug|Win32
		{05A87008-535C-481C-81DE-AEF426076596}.Debug|x86.Build.0 = Debug|Win32
		{05A87008-535C-481C-81DE-AEF426076596}.Release|x64.ActiveCfg = Release|x64
		{05A87008-535C-481C-81DE-AEF426076596}.Release|x64.Build.0 = Release|x64
		{05A87008-535C-481C-81DE-AEF426076596}.Release|x86.ActiveCfg = Release|Win32
		{05A87008-535C-481C-81DE-AEF426076596}.Release|x86.Build.0 = Release|Win32
		{C71AD3B7-6315-4A74-9DE6-CD9921A65E6D}.Debug|x64.ActiveCfg = Debug|x64
		{C71AD3B7-6315-4A74-9DE6-CD9921A65E6D}.Debug|x64.Build.0 = Debug|x64
		{C71AD3B7-6315-4A74-9DE6-CD9921A65E6D}.Debug|x86.ActiveCfg = Debug|Win32
		{C71AD3B7-6315-4A74-9DE6-CD9921A65E6D}.Debug|x86.Build.0 = Debug|Win32
		{C71AD3B7-6315-4A74-9DE6-CD9921A65E6D}.Release|x64.ActiveCfg = Release|x64
		{C71AD3B7-6315-4A74-9DE6-CD9921A65E6D}.Release|x64.Build.0 = Release|x64
		{C71AD3B7-6315-4A74-9DE6-CD9921A65E6D}.Release|x86.ActiveCfg = Release|Win32
		{C71AD3B7-6315-4A74-9DE6-CD9921A65E6D}.Release|x86.Build.0 = Release|Win32
		{E344DA63-1B1C-4586-A762-10E0AD1ADEA6}.Debug|x64.ActiveCfg = Debug|x64
		{E344DA63-1B1C-4586-A762-10E0AD1ADEA6}.Debug|x64.Build.0 = Debug|x64
		{E344DA63-1B1C-4586-A762-10E0AD1ADEA6}.Debug|x86.ActiveCfg = Debug|Win32
		{E344DA63-1B1C-4586-A762-10E0AD1ADEA6}.Debug|x86.Build.0 = Debug|Win32
		{E344DA63-1B1C-4586-A762-10E0AD1ADEA6}.Release|x64.ActiveCfg = Release|x64
		{E344DA63-1B1C-4586-A762-10E0AD1ADEA6}.Release|x64.Build.0 = Release|x64
		{E344DA63-1B1C-4586-A762-10E0AD1ADEA6}.Release|x86.ActiveCfg = Release|Win32
		{E344DA63-1B1C-4586-A762-10E0AD1ADEA6}.Release|x86.Build.0 = Release|Win32
		{7B50B7C0-CBCC-4CC4-B117-D2203479E18B}.Debug|x64.ActiveCfg = Debug|x64
		{7B50B7C0-CBCC-4CC4-B117-D2203479E18B}.Debug|x64.Build.0 = Debug|x64
		{7B50B7C0-CBCC-4CC4-B117-D2203479E18B}.Debug|x86.ActiveCfg = Debug|Win32
		{7B50B7C0-CBCC-4CC4-B117-D2203479E18B}.Debug|x86.Build.0 = Debug|Win32
		{7B50B7C0-CBCC-4CC4-B117-D2203479E18B}.Release|x64.ActiveCfg = Release|x64
		{7B50B7C0-CBCC-4CC4-B117-D2203479E18B}.Release|x64.Build.0 = Release|x64
		{7B50B7C0-CBCC-4CC4-B117-D2203479E18B}.Release|x86.ActiveCfg = Release|Win32
		{7B50B7C0-CBCC-4CC4-B117-D2203479E18B}.Release|x86.Build.0 = Release|Win32
		{B7B5054B-260E-4C9C-8DE4-268E28B511E0}.Debug|x64.ActiveCfg = Debug|x64
		{B7B5054B-260E-4C9C-8DE4-268E28B511E0}.Debug|x64.Build.0 = Debug|x64
		{B7B5054B-260E-4C9C-8DE4-268E28B511E0}.Debug|x86.ActiveCfg = Debug|Win32
		{B7B5054B-260E-4C9C-8DE4-268E28B511E0}.Debug|x86.Build.0 = Debug|Win32
		{B7B5054B-260E-4C9C-8DE4-268E28B511E0}.Release|x64.ActiveCfg = Release|x64
		{B7B5054B-260E-4C9C-8DE4-268E28B511E0}.Release|x64.Build.0 = Release|x64
		{B7B5054B-260E-4C9C-8DE4-268E28B511E0}.Release|x86.ActiveCfg = Release|Win32
		{B7B5054B-260E-4C9C-8DE4-268E28B511E0}.Release|x86.Build.0 = Release|Win32
		{ABE2576D-AD13-4EE1-91BF-01BD4D555E8D}.Debug|x64.ActiveCfg = Debug|x64
		{ABE2576D-AD13-4EE1-91BF-01BD4D555E8D}.Debug|x64.Build.0 = Debug|x64
		{ABE2576D-AD13-4EE1-91BF-01BD4D555E8D}.Debug|x86.ActiveCfg = Debug|Win32
		{ABE2576D-AD13-4EE1-91BF-01BD4D555E8D}.Debug|x86.Build.0 = Debug|Win32
		{ABE2576D-AD13-4EE1-91BF-01BD4D555E8D}.Release|x64.ActiveCfg = Release|x64
		{ABE2576D-AD13-4EE1-91BF-01BD4D555E8D}.Release|x64.Build.0 = Release|x64
		{ABE2576D-AD13-4EE1-91BF-01BD4D555E8D}.Release|x86.ActiveCfg = Release|Win32
		{ABE2576D-AD13-4EE1-91BF-01BD4D555E8D}.Release|x86.Build.0 = Release|Win32
		{FE51D2D1-D799-4DDD-835C-82EA94DEF2DB}.Debug|x64.ActiveCfg = Debug|x64
		{FE51D2D1-D799-4DDD-835C-82EA94DEF2DB}.Debug|x64.Build.0 = Debug|x64
		{FE51D2D1-D799-4DDD-835C-82EA94DEF2DB}.Debug|x86.ActiveCfg = Debug|Win32
		{FE51D2D1-D799-4DDD-835C-82EA94DEF2DB}.Debug|x86.Build.0 = Debug|Win32
		{FE51D2D1-D799-4DDD-835C-82EA94DEF2DB}.Release|x64.ActiveCfg = Release|x64
		{FE51D2D1-D799-4DDD-835C-82EA94DEF2DB}.Release|x64.Build.0 = Release|x64
		{FE51D2D1-D799-4DDD-835C-82EA94DEF2DB}.Release|x86.ActiveCfg = Release|Win32
		{FE51D2D1-D799-4DDD-835C-82EA94DEF2DB}.Release|x86.Build.0 = Release|Win32
		{4F8C11A0-14F6-468D-8A7C-11D0F0614AEB}.Debug|x64.ActiveCfg = Debug|x64
		{4F8C11A0-14F6-468D-8A7C-11D0F0614AEB}.Debug|x64.Build.0 = Debug|x64
		{4F8C11A0-14F6-468D-8A7C-11D0F0614AEB}.Debug|x86.ActiveCfg = Debug|Win32
		{4F8C11A0-14F6-468D-8A7C-11D0F0614AEB}.Debug|x86.Build.0 = Debug|Win32
		{4F8C11A0-14F6-468D-8A7C-11D0F0614AEB}.Release|x64.ActiveCfg = Release|x64
		{4F8C11A0-14F6-468D-8A7C-11D0F0614AEB}.Release|x64.Build.0 = Release|x64
		{4F8C11A0-14F6-468D-8A7C-11D0F0614AEB}.Release|x86.ActiveCfg = Release|Win32
		{4F8C11A0-14F6-468D-8A7C-11D0F0614AEB}.Release|x86.Build.0 = Release|Win32
		{F5FD6895-3687-4D36-A596-DBE066D55BDB}.Debug|x64.ActiveCfg = Debug|x64
		{F5FD6895-3687-4D36-A596-DBE066D55BDB}.Debug|x64.Build.0 = Debug|x64
		{F5FD6895-3687-4D36-A596-DBE066D55BDB}.Debug|x86.ActiveCfg = Debug|Win32
		{F5FD6895-3687-4D36-A596-DBE066D55BDB}.Debug|x86.Build.0 = Debug|Win32
		{F5FD6895-3687-4D36-A596-DBE066D55BDB}.Release|x64.ActiveCfg = Release|x64
		{F5FD6895-3687-4D36-A596-DBE066D55BDB}.Release|x64.Build.0 = Release|x64
		{F5FD6895-3687-4D36-A596-DBE066D55BDB}.Release|x86.ActiveCfg = Release|Win32
		{F5FD6895-3687-4D36-A596-DBE066D55BDB}.Release|x86.Build.0 = Release|Win32
	EndGlobalSection
	GlobalSection(SolutionProperties) = preSolution
		HideSolutionNode = FALSE
	EndGlobalSection
	GlobalSection(ExtensibilityGlobals) = postSolution
		SolutionGuid = {B96A8051-91EE-47B1-986E-5B96C820599A}
	EndGlobalSection
EndGlobal
